<?xml version="1.0" encoding="utf-8"?>
<Project ToolsVersion="4.0" xmlns="http://schemas.microsoft.com/developer/msbuild/2003">
  <ItemGroup>
    <Filter Include="Source Files">
      <UniqueIdentifier>{4FC737F1-C7A5-4376-A066-2A32D752A2FF}</UniqueIdentifier>
      <Extensions>cpp;c;cc;cxx;def;odl;idl;hpj;bat;asm;asmx</Extensions>
    </Filter>
    <Filter Include="Header Files">
      <UniqueIdentifier>{93995380-89BD-4b04-88EB-625FBE52EBFB}</UniqueIdentifier>
      <Extensions>h;hh;hpp;hxx;hm;inl;inc;ipp;xsd</Extensions>
    </Filter>
    <Filter Include="Resource Files">
      <UniqueIdentifier>{67DA6AB6-F800-4c08-8B7A-83BB121AAD01}</UniqueIdentifier>
      <Extensions>rc;ico;cur;bmp;dlg;rc2;rct;bin;rgs;gif;jpg;jpeg;jpe;resx;tiff;tif;png;wav;mfcribbon-ms</Extensions>
    </Filter>
    <Filter Include="Shaders">
      <UniqueIdentifier>{24e21593-36e4-4a2c-80d6-dc1e34af0616}</UniqueIdentifier>
    </Filter>
    <Filter Include="Header Files\Light">
      <UniqueIdentifier>{9b2c6b19-c31b-4d87-8627-69caee7c44f3}</UniqueIdentifier>
    </Filter>
    <Filter Include="Source Files\Light">
      <UniqueIdentifier>{5da4ee91-62aa-490a-bdb1-6637a1a3517e}</UniqueIdentifier>
    </Filter>
    <Filter Include="Header Files\Camera">
      <UniqueIdentifier>{80ee186f-27c8-46e9-aca4-c40d66d3753c}</UniqueIdentifier>
    </Filter>
    <Filter Include="Header Files\Models">
      <UniqueIdentifier>{7a3851e5-aee1-4885-bb0b-9d966827d798}</UniqueIdentifier>
    </Filter>
    <Filter Include="Source Files\Camera">
      <UniqueIdentifier>{c2427e4d-8a7c-417e-af7a-6b56e374f6fe}</UniqueIdentifier>
    </Filter>
    <Filter Include="Source Files\Models">
      <UniqueIdentifier>{eee6af15-e027-4e5e-a72c-e454e8159e69}</UniqueIdentifier>
    </Filter>
    <Filter Include="Source Files\Main">
      <UniqueIdentifier>{88c78d4f-15ee-4797-a62f-001eb94eded8}</UniqueIdentifier>
    </Filter>
    <Filter Include="Header Files\Shaders">
      <UniqueIdentifier>{753cf5ca-254a-433a-be08-5e593bb1ba8e}</UniqueIdentifier>
    </Filter>
    <Filter Include="Source Files\Shaders">
      <UniqueIdentifier>{67967b48-b894-4b2c-8fd7-e14edb8c6ca7}</UniqueIdentifier>
    </Filter>
    <Filter Include="Header Files\Stb">
      <UniqueIdentifier>{aadf567f-c3f4-4e93-822f-e4a02ad5a141}</UniqueIdentifier>
    </Filter>
    <Filter Include="Source Files\Stb">
      <UniqueIdentifier>{e636852f-6976-4b59-9f42-c67ef81a62a1}</UniqueIdentifier>
    </Filter>
    <Filter Include="Source Files\Glad">
      <UniqueIdentifier>{f9423c9b-19ff-4059-8b10-d003819bdc34}</UniqueIdentifier>
    </Filter>
  </ItemGroup>
  <ItemGroup>
    <ClCompile Include="light.cpp">
      <Filter>Source Files\Light</Filter>
    </ClCompile>
    <ClCompile Include="camera.cpp">
      <Filter>Source Files\Camera</Filter>
    </ClCompile>
    <ClCompile Include="mesh.cpp">
      <Filter>Source Files\Models</Filter>
    </ClCompile>
    <ClCompile Include="model.cpp">
      <Filter>Source Files\Models</Filter>
    </ClCompile>
    <ClCompile Include="window.cpp">
      <Filter>Source Files\Main</Filter>
    </ClCompile>
    <ClCompile Include="moveablecamera.cpp">
      <Filter>Source Files\Camera</Filter>
    </ClCompile>
    <ClCompile Include="scene.cpp">
      <Filter>Source Files\Models</Filter>
    </ClCompile>
    <ClCompile Include="lightenscene.cpp">
      <Filter>Source Files\Models</Filter>
    </ClCompile>
    <ClCompile Include="spotlight.cpp">
      <Filter>Source Files\Light</Filter>
    </ClCompile>
    <ClCompile Include="pointlight.cpp">
      <Filter>Source Files\Light</Filter>
    </ClCompile>
    <ClCompile Include="directlight.cpp">
      <Filter>Source Files\Light</Filter>
    </ClCompile>
    <ClCompile Include="shader.cpp">
      <Filter>Source Files\Shaders</Filter>
    </ClCompile>
    <ClCompile Include="scenefactory.cpp">
      <Filter>Source Files\Models</Filter>
    </ClCompile>
    <ClCompile Include="stbi_image.cpp">
      <Filter>Source Files\Stb</Filter>
    </ClCompile>
    <ClCompile Include="glad.c">
      <Filter>Source Files\Glad</Filter>
    </ClCompile>
    <ClCompile Include="shaderfactory.cpp">
      <Filter>Source Files\Shaders</Filter>
    </ClCompile>
    <ClCompile Include="lightmesh.cpp">
      <Filter>Source Files\Light</Filter>
    </ClCompile>
    <ClCompile Include="lightmodel.cpp">
      <Filter>Source Files\Light</Filter>
    </ClCompile>
  </ItemGroup>
  <ItemGroup>
    <ClInclude Include="light.h">
      <Filter>Header Files\Light</Filter>
    </ClInclude>
    <ClInclude Include="camera.h">
      <Filter>Header Files\Camera</Filter>
    </ClInclude>
    <ClInclude Include="moveablecamera.h">
      <Filter>Header Files\Camera</Filter>
    </ClInclude>
    <ClInclude Include="mesh.h">
      <Filter>Header Files\Models</Filter>
    </ClInclude>
    <ClInclude Include="model.h">
      <Filter>Header Files\Models</Filter>
    </ClInclude>
    <ClInclude Include="scene.h">
      <Filter>Header Files\Models</Filter>
    </ClInclude>
    <ClInclude Include="scenefactory.h">
      <Filter>Header Files\Models</Filter>
    </ClInclude>
    <ClInclude Include="shader.h">
      <Filter>Header Files\Shaders</Filter>
    </ClInclude>
    <ClInclude Include="shaderfactory.h">
      <Filter>Header Files\Shaders</Filter>
    </ClInclude>
    <ClInclude Include="lightenscene.h">
      <Filter>Header Files\Models</Filter>
    </ClInclude>
    <ClInclude Include="directlight.h">
      <Filter>Header Files\Light</Filter>
    </ClInclude>
    <ClInclude Include="pointlight.h">
      <Filter>Header Files\Light</Filter>
    </ClInclude>
    <ClInclude Include="spotlight.h">
      <Filter>Header Files\Light</Filter>
    </ClInclude>
    <ClInclude Include="stb_image.h">
      <Filter>Header Files\Stb</Filter>
    </ClInclude>
    <ClInclude Include="lightmesh.h">
      <Filter>Header Files\Light</Filter>
    </ClInclude>
    <ClInclude Include="lightmodel.h">
      <Filter>Header Files\Light</Filter>
    </ClInclude>
  </ItemGroup>
  <ItemGroup>
    <None Include="lightFragmentShader.frag">
      <Filter>Shaders</Filter>
    </None>
    <None Include="lightVertexShader.vert">
      <Filter>Shaders</Filter>
    </None>
    <None Include="phongFragmentShader.frag">
      <Filter>Shaders</Filter>
    </None>
    <None Include="phongVertexShader.vert">
      <Filter>Shaders</Filter>
    </None>
    <None Include="gouraudVertexShader.vert">
      <Filter>Shaders</Filter>
    </None>
    <None Include="gouraudFragmentShader.frag">
      <Filter>Shaders</Filter>
    </None>
    <None Include="simplePhong.frag">
      <Filter>Shaders</Filter>
    </None>
    <None Include="modelVertexShader.vert">
      <Filter>Shaders</Filter>
    </None>
    <None Include="modelFragmentShader.frag">
      <Filter>Shaders</Filter>
    </None>
  </ItemGroup>
</Project>